
Microsoft Visual Studio Solution File, Format Version 12.00
# Visual Studio Version 17
VisualStudioVersion = 17.14.36109.1 d17.14
MinimumVisualStudioVersion = 10.0.40219.1
Project("{FAE04EC0-301F-11D3-BF4B-00C04F79EFBC}") = "ANC25_WEBAPI_DLL", "ANC25_WEBAPI_DLL.csproj", "{163B2023-BC2C-441B-9B02-B1C8A8348482}"
EndProject
Project("{FAE04EC0-301F-11D3-BF4B-00C04F79EFBC}") = "DAL_Celebrity_MSSQL", "..\Лаб 6\ASPA006\DAL_Celebrity_MSSQL\DAL_Celebrity_MSSQL.csproj", "{E5C0BFAD-BD9C-6BE5-9C2E-2DFC182EE516}"
EndProject
Project("{FAE04EC0-301F-11D3-BF4B-00C04F79EFBC}") = "DAL_Celebrity", "..\Лаб 6\ASPA006\DAL_Celebrity\DAL_Celebrity.csproj", "{78CBFB85-B82A-9FA1-87A7-8C6E4F0BF953}"
EndProject
Global
	GlobalSection(SolutionConfigurationPlatforms) = preSolution
		Debug|Any CPU = Debug|Any CPU
		Release|Any CPU = Release|Any CPU
	EndGlobalSection
	GlobalSection(ProjectConfigurationPlatforms) = postSolution
		{163B2023-BC2C-441B-9B02-B1C8A8348482}.Debug|Any CPU.ActiveCfg = Debug|Any CPU
		{163B2023-BC2C-441B-9B02-B1C8A8348482}.Debug|Any CPU.Build.0 = Debug|Any CPU
		{163B2023-BC2C-441B-9B02-B1C8A8348482}.Release|Any CPU.ActiveCfg = Release|Any CPU
		{163B2023-BC2C-441B-9B02-B1C8A8348482}.Release|Any CPU.Build.0 = Release|Any CPU
		{E5C0BFAD-BD9C-6BE5-9C2E-2DFC182EE516}.Debug|Any CPU.ActiveCfg = Debug|Any CPU
		{E5C0BFAD-BD9C-6BE5-9C2E-2DFC182EE516}.Debug|Any CPU.Build.0 = Debug|Any CPU
		{E5C0BFAD-BD9C-6BE5-9C2E-2DFC182EE516}.Release|Any CPU.ActiveCfg = Release|Any CPU
		{E5C0BFAD-BD9C-6BE5-9C2E-2DFC182EE516}.Release|Any CPU.Build.0 = Release|Any CPU
		{78CBFB85-B82A-9FA1-87A7-8C6E4F0BF953}.Debug|Any CPU.ActiveCfg = Debug|Any CPU
		{78CBFB85-B82A-9FA1-87A7-8C6E4F0BF953}.Debug|Any CPU.Build.0 = Debug|Any CPU
		{78CBFB85-B82A-9FA1-87A7-8C6E4F0BF953}.Release|Any CPU.ActiveCfg = Release|Any CPU
		{78CBFB85-B82A-9FA1-87A7-8C6E4F0BF953}.Release|Any CPU.Build.0 = Release|Any CPU
	EndGlobalSection
	GlobalSection(SolutionProperties) = preSolution
		HideSolutionNode = FALSE
	EndGlobalSection
	GlobalSection(ExtensibilityGlobals) = postSolution
		SolutionGuid = {50FFBEBD-7DBC-44AE-AAAE-E4B1CC82641D}
	EndGlobalSection
EndGlobal
