
Microsoft Visual Studio Solution File, Format Version 12.00
# Visual Studio Version 17
VisualStudioVersion = 17.12.35728.132 d17.12
MinimumVisualStudioVersion = 10.0.40219.1
Project("{FAE04EC0-301F-11D3-BF4B-00C04F79EFBC}") = "WinForms", "WinForms\WinForms.csproj", "{CA06CA6E-7667-4D16-BD29-64938C721D95}"
EndProject
Global
	GlobalSection(SolutionConfigurationPlatforms) = preSolution
		Debug|Any CPU = Debug|Any CPU
		Release|Any CPU = Release|Any CPU
	EndGlobalSection
	GlobalSection(ProjectConfigurationPlatforms) = postSolution
		{CA06CA6E-7667-4D16-BD29-64938C721D95}.Debug|Any CPU.ActiveCfg = Debug|Any CPU
		{CA06CA6E-7667-4D16-BD29-64938C721D95}.Debug|Any CPU.Build.0 = Debug|Any CPU
		{CA06CA6E-7667-4D16-BD29-64938C721D95}.Release|Any CPU.ActiveCfg = Release|Any CPU
		{CA06CA6E-7667-4D16-BD29-64938C721D95}.Release|Any CPU.Build.0 = Release|Any CPU
	EndGlobalSection
	GlobalSection(SolutionProperties) = preSolution
		HideSolutionNode = FALSE
	EndGlobalSection
EndGlobal
