
Microsoft Visual Studio Solution File, Format Version 12.00
# Visual Studio Version 17
VisualStudioVersion = 17.12.35728.132
MinimumVisualStudioVersion = 10.0.40219.1
Project("{FAE04EC0-301F-11D3-BF4B-00C04F79EFBC}") = "DAL003", "DAL003\DAL003.csproj", "{A34B26FB-150F-4843-B304-FFB8B50419DB}"
EndProject
Project("{FAE04EC0-301F-11D3-BF4B-00C04F79EFBC}") = "Test_DAL003", "Test_DAL003\Test_DAL003.csproj", "{D0767B54-AE96-4405-8181-2FCDAC4A779D}"
EndProject
Project("{FAE04EC0-301F-11D3-BF4B-00C04F79EFBC}") = "ASPA003", "ASPA003\ASPA003.csproj", "{57528DBF-F3BC-47B1-91C8-ECFB5E00DBD7}"
EndProject
Global
	GlobalSection(SolutionConfigurationPlatforms) = preSolution
		Debug|Any CPU = Debug|Any CPU
		Release|Any CPU = Release|Any CPU
	EndGlobalSection
	GlobalSection(ProjectConfigurationPlatforms) = postSolution
		{A34B26FB-150F-4843-B304-FFB8B50419DB}.Debug|Any CPU.ActiveCfg = Debug|Any CPU
		{A34B26FB-150F-4843-B304-FFB8B50419DB}.Debug|Any CPU.Build.0 = Debug|Any CPU
		{A34B26FB-150F-4843-B304-FFB8B50419DB}.Release|Any CPU.ActiveCfg = Release|Any CPU
		{A34B26FB-150F-4843-B304-FFB8B50419DB}.Release|Any CPU.Build.0 = Release|Any CPU
		{D0767B54-AE96-4405-8181-2FCDAC4A779D}.Debug|Any CPU.ActiveCfg = Debug|Any CPU
		{D0767B54-AE96-4405-8181-2FCDAC4A779D}.Debug|Any CPU.Build.0 = Debug|Any CPU
		{D0767B54-AE96-4405-8181-2FCDAC4A779D}.Release|Any CPU.ActiveCfg = Release|Any CPU
		{D0767B54-AE96-4405-8181-2FCDAC4A779D}.Release|Any CPU.Build.0 = Release|Any CPU
		{57528DBF-F3BC-47B1-91C8-ECFB5E00DBD7}.Debug|Any CPU.ActiveCfg = Debug|Any CPU
		{57528DBF-F3BC-47B1-91C8-ECFB5E00DBD7}.Debug|Any CPU.Build.0 = Debug|Any CPU
		{57528DBF-F3BC-47B1-91C8-ECFB5E00DBD7}.Release|Any CPU.ActiveCfg = Release|Any CPU
		{57528DBF-F3BC-47B1-91C8-ECFB5E00DBD7}.Release|Any CPU.Build.0 = Release|Any CPU
	EndGlobalSection
	GlobalSection(SolutionProperties) = preSolution
		HideSolutionNode = FALSE
	EndGlobalSection
EndGlobal
